
Microsoft Visual Studio Solution File, Format Version 11.00
# Visual Studio 2010
Project("{8BC9CEB8-8B4A-11D0-8D11-00A0C91BC942}") = "Roster", "Roster\Roster.vcxproj", "{B69CC686-4E78-4C7F-BCE6-2151FA3BF93C}"
EndProject
Global
	GlobalSection(SolutionConfigurationPlatforms) = preSolution
		Debug|Win32 = Debug|Win32
		Release|Win32 = Release|Win32
	EndGlobalSection
	GlobalSection(ProjectConfigurationPlatforms) = postSolution
		{B69CC686-4E78-4C7F-BCE6-2151FA3BF93C}.Debug|Win32.ActiveCfg = Debug|Win32
		{B69CC686-4E78-4C7F-BCE6-2151FA3BF93C}.Debug|Win32.Build.0 = Debug|Win32
		{B69CC686-4E78-4C7F-BCE6-2151FA3BF93C}.Release|Win32.ActiveCfg = Release|Win32
		{B69CC686-4E78-4C7F-BCE6-2151FA3BF93C}.Release|Win32.Build.0 = Release|Win32
	EndGlobalSection
	GlobalSection(SolutionProperties) = preSolution
		HideSolutionNode = FALSE
	EndGlobalSection
EndGlobal
