
Microsoft Visual Studio Solution File, Format Version 11.00
# Visual Studio 2010
Project("{8BC9CEB8-8B4A-11D0-8D11-00A0C91BC942}") = "aislingim-libjingle", "aislingim-libjingle.vcxproj", "{F9167571-6FC1-4C08-B5B3-0369B6A215FA}"
EndProject
Global
	GlobalSection(SolutionConfigurationPlatforms) = preSolution
		Debug|Win32 = Debug|Win32
		Release|Win32 = Release|Win32
	EndGlobalSection
	GlobalSection(ProjectConfigurationPlatforms) = postSolution
		{F9167571-6FC1-4C08-B5B3-0369B6A215FA}.Debug|Win32.ActiveCfg = Debug|Win32
		{F9167571-6FC1-4C08-B5B3-0369B6A215FA}.Debug|Win32.Build.0 = Debug|Win32
		{F9167571-6FC1-4C08-B5B3-0369B6A215FA}.Release|Win32.ActiveCfg = Release|Win32
		{F9167571-6FC1-4C08-B5B3-0369B6A215FA}.Release|Win32.Build.0 = Release|Win32
	EndGlobalSection
	GlobalSection(SolutionProperties) = preSolution
		HideSolutionNode = FALSE
	EndGlobalSection
EndGlobal
